// !$*UTF8*$!
{
	archiveVersion = 1;
	classes = {
	};
	objectVersion = 46;
	objects = {

/* Begin PBXBuildFile section */
		4500C75F1E4BDD5A00AF54AA /* AppDelegate.swift in Sources */ = {isa = PBXBuildFile; fileRef = 4500C75E1E4BDD5A00AF54AA /* AppDelegate.swift */; };
		4500C7641E4BDD5A00AF54AA /* Main.storyboard in Resources */ = {isa = PBXBuildFile; fileRef = 4500C7621E4BDD5A00AF54AA /* Main.storyboard */; };
		4500C7661E4BDD5A00AF54AA /* Assets.xcassets in Resources */ = {isa = PBXBuildFile; fileRef = 4500C7651E4BDD5A00AF54AA /* Assets.xcassets */; };
		4500C7691E4BDD5A00AF54AA /* LaunchScreen.storyboard in Resources */ = {isa = PBXBuildFile; fileRef = 4500C7671E4BDD5A00AF54AA /* LaunchScreen.storyboard */; };
		4500C7801E4E8F2500AF54AA /* RootViewController.swift in Sources */ = {isa = PBXBuildFile; fileRef = 4500C77F1E4E8F2500AF54AA /* RootViewController.swift */; };
		4500C7831E4E926500AF54AA /* UIColor+Thirty.swift in Sources */ = {isa = PBXBuildFile; fileRef = 4500C7821E4E926500AF54AA /* UIColor+Thirty.swift */; };
		4500C7871E4E92C200AF54AA /* WelcomeViewController.swift in Sources */ = {isa = PBXBuildFile; fileRef = 4500C7851E4E92C200AF54AA /* WelcomeViewController.swift */; };
		4500C7881E4E92C200AF54AA /* WelcomeViewController.xib in Resources */ = {isa = PBXBuildFile; fileRef = 4500C7861E4E92C200AF54AA /* WelcomeViewController.xib */; };
		4500C78D1E5278AB00AF54AA /* UIAlertController+Thirty.swift in Sources */ = {isa = PBXBuildFile; fileRef = 4500C78C1E5278AB00AF54AA /* UIAlertController+Thirty.swift */; };
		4500C7911E527AFF00AF54AA /* HomeTableViewController.swift in Sources */ = {isa = PBXBuildFile; fileRef = 4500C78F1E527AFF00AF54AA /* HomeTableViewController.swift */; };
		4500C7921E527AFF00AF54AA /* HomeTableViewController.xib in Resources */ = {isa = PBXBuildFile; fileRef = 4500C7901E527AFF00AF54AA /* HomeTableViewController.xib */; };
		4500C7961E5286E000AF54AA /* CallViewController.swift in Sources */ = {isa = PBXBuildFile; fileRef = 4500C7941E5286E000AF54AA /* CallViewController.swift */; };
		4500C7971E5286E000AF54AA /* CallViewController.xib in Resources */ = {isa = PBXBuildFile; fileRef = 4500C7951E5286E000AF54AA /* CallViewController.xib */; };
		450AB12D206D7E8A00BCDBA3 /* Error+Thirty.swift in Sources */ = {isa = PBXBuildFile; fileRef = 450AB12B206D7E8A00BCDBA3 /* Error+Thirty.swift */; };
		450AB133206D8ADF00BCDBA3 /* FeaturedUser.swift in Sources */ = {isa = PBXBuildFile; fileRef = 450AB132206D8ADF00BCDBA3 /* FeaturedUser.swift */; };
		450AB137206DBEEC00BCDBA3 /* FeatureViewController.swift in Sources */ = {isa = PBXBuildFile; fileRef = 450AB135206DBEEC00BCDBA3 /* FeatureViewController.swift */; };
		450AB138206DBEEC00BCDBA3 /* FeatureViewController.xib in Resources */ = {isa = PBXBuildFile; fileRef = 450AB136206DBEEC00BCDBA3 /* FeatureViewController.xib */; };
		450AB13C206DDDD500BCDBA3 /* UIImage+Thirty.swift in Sources */ = {isa = PBXBuildFile; fileRef = 450AB13B206DDDD500BCDBA3 /* UIImage+Thirty.swift */; };
		45100BAE2051DE2A0000B254 /* PlatformUtils.swift in Sources */ = {isa = PBXBuildFile; fileRef = 45100BAD2051DE2A0000B254 /* PlatformUtils.swift */; };
		45100BB2205211630000B254 /* TokenUtils.swift in Sources */ = {isa = PBXBuildFile; fileRef = 45100BB1205211630000B254 /* TokenUtils.swift */; };
		45100BB42052119A0000B254 /* TwilioSettings.swift in Sources */ = {isa = PBXBuildFile; fileRef = 45100BB32052119A0000B254 /* TwilioSettings.swift */; };
		4527AF111EC010D8003920DA /* PushKit.framework in Frameworks */ = {isa = PBXBuildFile; fileRef = 45635E401EC0089B0011096C /* PushKit.framework */; };
		4530A9011F0331500039D303 /* leaguespartan-bold.ttf in Resources */ = {isa = PBXBuildFile; fileRef = 4530A9001F0331500039D303 /* leaguespartan-bold.ttf */; };
		4530A9051F033DDD0039D303 /* LoginViewController.swift in Sources */ = {isa = PBXBuildFile; fileRef = 4530A9031F033DDD0039D303 /* LoginViewController.swift */; };
		4530A9061F033DDD0039D303 /* LoginViewController.xib in Resources */ = {isa = PBXBuildFile; fileRef = 4530A9041F033DDD0039D303 /* LoginViewController.xib */; };
		4530A9081F044CDC0039D303 /* GoogleService-Info.plist in Resources */ = {isa = PBXBuildFile; fileRef = 4530A9071F044CDC0039D303 /* GoogleService-Info.plist */; };
		4530A90C1F0451FE0039D303 /* SignupViewController.swift in Sources */ = {isa = PBXBuildFile; fileRef = 4530A90A1F0451FE0039D303 /* SignupViewController.swift */; };
		4530A90D1F0451FE0039D303 /* SignupViewController.xib in Resources */ = {isa = PBXBuildFile; fileRef = 4530A90B1F0451FE0039D303 /* SignupViewController.xib */; };
		4530A90F1F05B7A80039D303 /* FirebaseManager.swift in Sources */ = {isa = PBXBuildFile; fileRef = 4530A90E1F05B7A80039D303 /* FirebaseManager.swift */; };
		4530A9111F05B7F20039D303 /* Result.swift in Sources */ = {isa = PBXBuildFile; fileRef = 4530A9101F05B7F20039D303 /* Result.swift */; };
		4530A9141F05BA3D0039D303 /* User.swift in Sources */ = {isa = PBXBuildFile; fileRef = 4530A9131F05BA3D0039D303 /* User.swift */; };
		4530A9161F05C59D0039D303 /* THError.swift in Sources */ = {isa = PBXBuildFile; fileRef = 4530A9151F05C59D0039D303 /* THError.swift */; };
		4530A9181F05CF9E0039D303 /* JHSpinnerView+Thirty.swift in Sources */ = {isa = PBXBuildFile; fileRef = 4530A9171F05CF9E0039D303 /* JHSpinnerView+Thirty.swift */; };
		45407F5C20571AB0008B05B3 /* CallManager.swift in Sources */ = {isa = PBXBuildFile; fileRef = 45407F5B20571AB0008B05B3 /* CallManager.swift */; };
		45407F5E20575A47008B05B3 /* Call.swift in Sources */ = {isa = PBXBuildFile; fileRef = 45407F5D20575A47008B05B3 /* Call.swift */; };
		4542AAA2206E9800002A7FAD /* chill-ringback-quiet.m4a in Resources */ = {isa = PBXBuildFile; fileRef = 4542AAA1206E9800002A7FAD /* chill-ringback-quiet.m4a */; };
		454CC7081E568F640087FAAD /* UserManager.swift in Sources */ = {isa = PBXBuildFile; fileRef = 454CC7071E568F640087FAAD /* UserManager.swift */; };
		454CC70D1E57D4F60087FAAD /* Localizable.strings in Resources */ = {isa = PBXBuildFile; fileRef = 454CC70F1E57D4F60087FAAD /* Localizable.strings */; };
		454CD1BE206D77FA006235C8 /* FeaturedTableViewCell.swift in Sources */ = {isa = PBXBuildFile; fileRef = 454CD1BC206D77FA006235C8 /* FeaturedTableViewCell.swift */; };
		454CD1BF206D77FA006235C8 /* FeaturedTableViewCell.xib in Resources */ = {isa = PBXBuildFile; fileRef = 454CD1BD206D77FA006235C8 /* FeaturedTableViewCell.xib */; };
		455BDE7920621FD9009CA00A /* answeredChime.wav in Resources */ = {isa = PBXBuildFile; fileRef = 455BDE7820621FD9009CA00A /* answeredChime.wav */; };
		457A9ABF1F57C09F004FC8D1 /* SearchResultTableViewCell.swift in Sources */ = {isa = PBXBuildFile; fileRef = 457A9ABD1F57C09F004FC8D1 /* SearchResultTableViewCell.swift */; };
		457A9AC01F57C09F004FC8D1 /* SearchResultTableViewCell.xib in Resources */ = {isa = PBXBuildFile; fileRef = 457A9ABE1F57C09F004FC8D1 /* SearchResultTableViewCell.xib */; };
		45993F322058D7DB002276E9 /* Explodable.swift in Sources */ = {isa = PBXBuildFile; fileRef = 45993F312058D7DB002276E9 /* Explodable.swift */; };
		459E61F12058BF00004C385A /* UIView+Thirty.swift in Sources */ = {isa = PBXBuildFile; fileRef = 459E61F02058BF00004C385A /* UIView+Thirty.swift */; };
		45DB90DC205E292000591EC8 /* ringtone.mp3 in Resources */ = {isa = PBXBuildFile; fileRef = 45DB90DB205E292000591EC8 /* ringtone.mp3 */; };
		45FC90092087C84300FC9422 /* SettingsViewController.swift in Sources */ = {isa = PBXBuildFile; fileRef = 45FC90072087C84300FC9422 /* SettingsViewController.swift */; };
		45FC900A2087C84300FC9422 /* SettingsViewController.xib in Resources */ = {isa = PBXBuildFile; fileRef = 45FC90082087C84300FC9422 /* SettingsViewController.xib */; };
		B7A52E5625C42DFE752B2F33 /* Pods_Thirty.framework in Frameworks */ = {isa = PBXBuildFile; fileRef = 3152D64C737D790F67B24341 /* Pods_Thirty.framework */; };
/* End PBXBuildFile section */

/* Begin PBXFileReference section */
		0BF6DBD12F2BE24D548E55AF /* Pods-Thirty.debug.xcconfig */ = {isa = PBXFileReference; includeInIndex = 1; lastKnownFileType = text.xcconfig; name = "Pods-Thirty.debug.xcconfig"; path = "Pods/Target Support Files/Pods-Thirty/Pods-Thirty.debug.xcconfig"; sourceTree = "<group>"; };
		3152D64C737D790F67B24341 /* Pods_Thirty.framework */ = {isa = PBXFileReference; explicitFileType = wrapper.framework; includeInIndex = 0; path = Pods_Thirty.framework; sourceTree = BUILT_PRODUCTS_DIR; };
		4500C75B1E4BDD5A00AF54AA /* Thirty.app */ = {isa = PBXFileReference; explicitFileType = wrapper.application; includeInIndex = 0; path = Thirty.app; sourceTree = BUILT_PRODUCTS_DIR; };
		4500C75E1E4BDD5A00AF54AA /* AppDelegate.swift */ = {isa = PBXFileReference; lastKnownFileType = sourcecode.swift; path = AppDelegate.swift; sourceTree = "<group>"; };
		4500C7631E4BDD5A00AF54AA /* Base */ = {isa = PBXFileReference; lastKnownFileType = file.storyboard; name = Base; path = Base.lproj/Main.storyboard; sourceTree = "<group>"; };
		4500C7651E4BDD5A00AF54AA /* Assets.xcassets */ = {isa = PBXFileReference; lastKnownFileType = folder.assetcatalog; path = Assets.xcassets; sourceTree = "<group>"; };
		4500C7681E4BDD5A00AF54AA /* Base */ = {isa = PBXFileReference; lastKnownFileType = file.storyboard; name = Base; path = Base.lproj/LaunchScreen.storyboard; sourceTree = "<group>"; };
		4500C76A1E4BDD5A00AF54AA /* Info.plist */ = {isa = PBXFileReference; lastKnownFileType = text.plist.xml; path = Info.plist; sourceTree = "<group>"; };
		4500C7701E4BE23600AF54AA /* Thirty-Bridging-Header.h */ = {isa = PBXFileReference; lastKnownFileType = sourcecode.c.h; name = "Thirty-Bridging-Header.h"; path = "../Thirty-Bridging-Header.h"; sourceTree = "<group>"; };
		4500C77F1E4E8F2500AF54AA /* RootViewController.swift */ = {isa = PBXFileReference; fileEncoding = 4; lastKnownFileType = sourcecode.swift; path = RootViewController.swift; sourceTree = "<group>"; };
		4500C7821E4E926500AF54AA /* UIColor+Thirty.swift */ = {isa = PBXFileReference; fileEncoding = 4; lastKnownFileType = sourcecode.swift; path = "UIColor+Thirty.swift"; sourceTree = "<group>"; };
		4500C7851E4E92C200AF54AA /* WelcomeViewController.swift */ = {isa = PBXFileReference; fileEncoding = 4; lastKnownFileType = sourcecode.swift; path = WelcomeViewController.swift; sourceTree = "<group>"; };
		4500C7861E4E92C200AF54AA /* WelcomeViewController.xib */ = {isa = PBXFileReference; fileEncoding = 4; lastKnownFileType = file.xib; path = WelcomeViewController.xib; sourceTree = "<group>"; };
		4500C78C1E5278AB00AF54AA /* UIAlertController+Thirty.swift */ = {isa = PBXFileReference; fileEncoding = 4; lastKnownFileType = sourcecode.swift; path = "UIAlertController+Thirty.swift"; sourceTree = "<group>"; };
		4500C78F1E527AFF00AF54AA /* HomeTableViewController.swift */ = {isa = PBXFileReference; fileEncoding = 4; lastKnownFileType = sourcecode.swift; path = HomeTableViewController.swift; sourceTree = "<group>"; };
		4500C7901E527AFF00AF54AA /* HomeTableViewController.xib */ = {isa = PBXFileReference; fileEncoding = 4; lastKnownFileType = file.xib; path = HomeTableViewController.xib; sourceTree = "<group>"; };
		4500C7941E5286E000AF54AA /* CallViewController.swift */ = {isa = PBXFileReference; fileEncoding = 4; lastKnownFileType = sourcecode.swift; path = CallViewController.swift; sourceTree = "<group>"; };
		4500C7951E5286E000AF54AA /* CallViewController.xib */ = {isa = PBXFileReference; fileEncoding = 4; lastKnownFileType = file.xib; path = CallViewController.xib; sourceTree = "<group>"; };
		450AB12B206D7E8A00BCDBA3 /* Error+Thirty.swift */ = {isa = PBXFileReference; fileEncoding = 4; lastKnownFileType = sourcecode.swift; path = "Error+Thirty.swift"; sourceTree = "<group>"; };
		450AB132206D8ADF00BCDBA3 /* FeaturedUser.swift */ = {isa = PBXFileReference; lastKnownFileType = sourcecode.swift; path = FeaturedUser.swift; sourceTree = "<group>"; };
		450AB135206DBEEC00BCDBA3 /* FeatureViewController.swift */ = {isa = PBXFileReference; lastKnownFileType = sourcecode.swift; path = FeatureViewController.swift; sourceTree = "<group>"; };
		450AB136206DBEEC00BCDBA3 /* FeatureViewController.xib */ = {isa = PBXFileReference; lastKnownFileType = file.xib; path = FeatureViewController.xib; sourceTree = "<group>"; };
		450AB13B206DDDD500BCDBA3 /* UIImage+Thirty.swift */ = {isa = PBXFileReference; lastKnownFileType = sourcecode.swift; path = "UIImage+Thirty.swift"; sourceTree = "<group>"; };
		45100BAD2051DE2A0000B254 /* PlatformUtils.swift */ = {isa = PBXFileReference; lastKnownFileType = sourcecode.swift; path = PlatformUtils.swift; sourceTree = "<group>"; };
		45100BB1205211630000B254 /* TokenUtils.swift */ = {isa = PBXFileReference; lastKnownFileType = sourcecode.swift; path = TokenUtils.swift; sourceTree = "<group>"; };
		45100BB32052119A0000B254 /* TwilioSettings.swift */ = {isa = PBXFileReference; lastKnownFileType = sourcecode.swift; path = TwilioSettings.swift; sourceTree = "<group>"; };
		4530A9001F0331500039D303 /* leaguespartan-bold.ttf */ = {isa = PBXFileReference; lastKnownFileType = file; path = "leaguespartan-bold.ttf"; sourceTree = "<group>"; };
		4530A9031F033DDD0039D303 /* LoginViewController.swift */ = {isa = PBXFileReference; fileEncoding = 4; lastKnownFileType = sourcecode.swift; path = LoginViewController.swift; sourceTree = "<group>"; };
		4530A9041F033DDD0039D303 /* LoginViewController.xib */ = {isa = PBXFileReference; fileEncoding = 4; lastKnownFileType = file.xib; path = LoginViewController.xib; sourceTree = "<group>"; };
		4530A9071F044CDC0039D303 /* GoogleService-Info.plist */ = {isa = PBXFileReference; fileEncoding = 4; lastKnownFileType = text.plist.xml; path = "GoogleService-Info.plist"; sourceTree = "<group>"; };
		4530A90A1F0451FE0039D303 /* SignupViewController.swift */ = {isa = PBXFileReference; fileEncoding = 4; lastKnownFileType = sourcecode.swift; path = SignupViewController.swift; sourceTree = "<group>"; };
		4530A90B1F0451FE0039D303 /* SignupViewController.xib */ = {isa = PBXFileReference; fileEncoding = 4; lastKnownFileType = file.xib; path = SignupViewController.xib; sourceTree = "<group>"; };
		4530A90E1F05B7A80039D303 /* FirebaseManager.swift */ = {isa = PBXFileReference; fileEncoding = 4; lastKnownFileType = sourcecode.swift; path = FirebaseManager.swift; sourceTree = "<group>"; };
		4530A9101F05B7F20039D303 /* Result.swift */ = {isa = PBXFileReference; fileEncoding = 4; lastKnownFileType = sourcecode.swift; path = Result.swift; sourceTree = "<group>"; };
		4530A9131F05BA3D0039D303 /* User.swift */ = {isa = PBXFileReference; fileEncoding = 4; lastKnownFileType = sourcecode.swift; path = User.swift; sourceTree = "<group>"; };
		4530A9151F05C59D0039D303 /* THError.swift */ = {isa = PBXFileReference; fileEncoding = 4; lastKnownFileType = sourcecode.swift; path = THError.swift; sourceTree = "<group>"; };
		4530A9171F05CF9E0039D303 /* JHSpinnerView+Thirty.swift */ = {isa = PBXFileReference; fileEncoding = 4; lastKnownFileType = sourcecode.swift; path = "JHSpinnerView+Thirty.swift"; sourceTree = "<group>"; };
		45407F5B20571AB0008B05B3 /* CallManager.swift */ = {isa = PBXFileReference; lastKnownFileType = sourcecode.swift; path = CallManager.swift; sourceTree = "<group>"; };
		45407F5D20575A47008B05B3 /* Call.swift */ = {isa = PBXFileReference; lastKnownFileType = sourcecode.swift; path = Call.swift; sourceTree = "<group>"; };
		4542AAA1206E9800002A7FAD /* chill-ringback-quiet.m4a */ = {isa = PBXFileReference; lastKnownFileType = file; path = "chill-ringback-quiet.m4a"; sourceTree = "<group>"; };
		454CC7061E5532870087FAAD /* Thirty.entitlements */ = {isa = PBXFileReference; lastKnownFileType = text.plist.entitlements; path = Thirty.entitlements; sourceTree = "<group>"; };
		454CC7071E568F640087FAAD /* UserManager.swift */ = {isa = PBXFileReference; fileEncoding = 4; lastKnownFileType = sourcecode.swift; path = UserManager.swift; sourceTree = "<group>"; };
		454CC70E1E57D4F60087FAAD /* en */ = {isa = PBXFileReference; lastKnownFileType = text.plist.strings; name = en; path = en.lproj/Localizable.strings; sourceTree = "<group>"; };
		454CD1BC206D77FA006235C8 /* FeaturedTableViewCell.swift */ = {isa = PBXFileReference; lastKnownFileType = sourcecode.swift; path = FeaturedTableViewCell.swift; sourceTree = "<group>"; };
		454CD1BD206D77FA006235C8 /* FeaturedTableViewCell.xib */ = {isa = PBXFileReference; lastKnownFileType = file.xib; path = FeaturedTableViewCell.xib; sourceTree = "<group>"; };
		455BDE7820621FD9009CA00A /* answeredChime.wav */ = {isa = PBXFileReference; lastKnownFileType = audio.wav; path = answeredChime.wav; sourceTree = "<group>"; };
		45635E401EC0089B0011096C /* PushKit.framework */ = {isa = PBXFileReference; lastKnownFileType = wrapper.framework; name = PushKit.framework; path = System/Library/Frameworks/PushKit.framework; sourceTree = SDKROOT; };
		457A9ABD1F57C09F004FC8D1 /* SearchResultTableViewCell.swift */ = {isa = PBXFileReference; fileEncoding = 4; lastKnownFileType = sourcecode.swift; path = SearchResultTableViewCell.swift; sourceTree = "<group>"; };
		457A9ABE1F57C09F004FC8D1 /* SearchResultTableViewCell.xib */ = {isa = PBXFileReference; fileEncoding = 4; lastKnownFileType = file.xib; path = SearchResultTableViewCell.xib; sourceTree = "<group>"; };
		45993F312058D7DB002276E9 /* Explodable.swift */ = {isa = PBXFileReference; lastKnownFileType = sourcecode.swift; path = Explodable.swift; sourceTree = "<group>"; };
		459E61F02058BF00004C385A /* UIView+Thirty.swift */ = {isa = PBXFileReference; lastKnownFileType = sourcecode.swift; path = "UIView+Thirty.swift"; sourceTree = "<group>"; };
		45DB90DB205E292000591EC8 /* ringtone.mp3 */ = {isa = PBXFileReference; lastKnownFileType = audio.mp3; path = ringtone.mp3; sourceTree = "<group>"; };
		45FC90072087C84300FC9422 /* SettingsViewController.swift */ = {isa = PBXFileReference; lastKnownFileType = sourcecode.swift; path = SettingsViewController.swift; sourceTree = "<group>"; };
		45FC90082087C84300FC9422 /* SettingsViewController.xib */ = {isa = PBXFileReference; lastKnownFileType = file.xib; path = SettingsViewController.xib; sourceTree = "<group>"; };
		5B482AA5894AC0DB0293AD4F /* Pods-Thirty.release.xcconfig */ = {isa = PBXFileReference; includeInIndex = 1; lastKnownFileType = text.xcconfig; name = "Pods-Thirty.release.xcconfig"; path = "Pods/Target Support Files/Pods-Thirty/Pods-Thirty.release.xcconfig"; sourceTree = "<group>"; };
/* End PBXFileReference section */

/* Begin PBXFrameworksBuildPhase section */
		4500C7581E4BDD5A00AF54AA /* Frameworks */ = {
			isa = PBXFrameworksBuildPhase;
			buildActionMask = 2147483647;
			files = (
				4527AF111EC010D8003920DA /* PushKit.framework in Frameworks */,
				B7A52E5625C42DFE752B2F33 /* Pods_Thirty.framework in Frameworks */,
			);
			runOnlyForDeploymentPostprocessing = 0;
		};
/* End PBXFrameworksBuildPhase section */

/* Begin PBXGroup section */
		1066D45B05558F17863431B3 /* Pods */ = {
			isa = PBXGroup;
			children = (
				0BF6DBD12F2BE24D548E55AF /* Pods-Thirty.debug.xcconfig */,
				5B482AA5894AC0DB0293AD4F /* Pods-Thirty.release.xcconfig */,
			);
			name = Pods;
			sourceTree = "<group>";
		};
		4500C7521E4BDD5900AF54AA = {
			isa = PBXGroup;
			children = (
				4500C75D1E4BDD5A00AF54AA /* Thirty */,
				4500C75C1E4BDD5A00AF54AA /* Products */,
				1066D45B05558F17863431B3 /* Pods */,
				5F79CDBE4E61312569B51CAB /* Frameworks */,
			);
			sourceTree = "<group>";
		};
		4500C75C1E4BDD5A00AF54AA /* Products */ = {
			isa = PBXGroup;
			children = (
				4500C75B1E4BDD5A00AF54AA /* Thirty.app */,
			);
			name = Products;
			sourceTree = "<group>";
		};
		4500C75D1E4BDD5A00AF54AA /* Thirty */ = {
			isa = PBXGroup;
			children = (
				454CC7061E5532870087FAAD /* Thirty.entitlements */,
				4500C75E1E4BDD5A00AF54AA /* AppDelegate.swift */,
				4530A9121F05B9E80039D303 /* Models */,
				4500C7891E4E9EBD00AF54AA /* Utilities */,
				4500C7811E4E924800AF54AA /* Extensions */,
				4500C77D1E4E8EE800AF54AA /* View Controllers */,
				4500C77C1E4E8DEA00AF54AA /* Supporting Files */,
				4500C7791E4D463400AF54AA /* Sounds */,
				4500C7651E4BDD5A00AF54AA /* Assets.xcassets */,
				4500C76A1E4BDD5A00AF54AA /* Info.plist */,
			);
			path = Thirty;
			sourceTree = "<group>";
		};
		4500C7791E4D463400AF54AA /* Sounds */ = {
			isa = PBXGroup;
			children = (
				455BDE7820621FD9009CA00A /* answeredChime.wav */,
				4542AAA1206E9800002A7FAD /* chill-ringback-quiet.m4a */,
				45DB90DB205E292000591EC8 /* ringtone.mp3 */,
			);
			path = Sounds;
			sourceTree = "<group>";
		};
		4500C77C1E4E8DEA00AF54AA /* Supporting Files */ = {
			isa = PBXGroup;
			children = (
				4530A9001F0331500039D303 /* leaguespartan-bold.ttf */,
				4530A9071F044CDC0039D303 /* GoogleService-Info.plist */,
				4500C7621E4BDD5A00AF54AA /* Main.storyboard */,
				4500C7671E4BDD5A00AF54AA /* LaunchScreen.storyboard */,
				4500C7701E4BE23600AF54AA /* Thirty-Bridging-Header.h */,
				454CC70F1E57D4F60087FAAD /* Localizable.strings */,
			);
			path = "Supporting Files";
			sourceTree = "<group>";
		};
		4500C77D1E4E8EE800AF54AA /* View Controllers */ = {
			isa = PBXGroup;
			children = (
				45FC90062087C83500FC9422 /* Settings */,
				450AB134206DBED400BCDBA3 /* Feature */,
				4500C7841E4E92AF00AF54AA /* Welcome */,
				4530A9021F033DB00039D303 /* Login */,
				4530A9091F0451DD0039D303 /* Signup */,
				4500C7931E52868F00AF54AA /* Call */,
				4500C78E1E527ADA00AF54AA /* Home */,
				4500C77E1E4E8F0500AF54AA /* Root */,
			);
			path = "View Controllers";
			sourceTree = "<group>";
		};
		4500C77E1E4E8F0500AF54AA /* Root */ = {
			isa = PBXGroup;
			children = (
				4500C77F1E4E8F2500AF54AA /* RootViewController.swift */,
			);
			path = Root;
			sourceTree = "<group>";
		};
		4500C7811E4E924800AF54AA /* Extensions */ = {
			isa = PBXGroup;
			children = (
				450AB12B206D7E8A00BCDBA3 /* Error+Thirty.swift */,
				4500C7821E4E926500AF54AA /* UIColor+Thirty.swift */,
				4500C78C1E5278AB00AF54AA /* UIAlertController+Thirty.swift */,
				4530A9171F05CF9E0039D303 /* JHSpinnerView+Thirty.swift */,
				459E61F02058BF00004C385A /* UIView+Thirty.swift */,
				450AB13B206DDDD500BCDBA3 /* UIImage+Thirty.swift */,
			);
			path = Extensions;
			sourceTree = "<group>";
		};
		4500C7841E4E92AF00AF54AA /* Welcome */ = {
			isa = PBXGroup;
			children = (
				4500C7851E4E92C200AF54AA /* WelcomeViewController.swift */,
				4500C7861E4E92C200AF54AA /* WelcomeViewController.xib */,
			);
			path = Welcome;
			sourceTree = "<group>";
		};
		4500C7891E4E9EBD00AF54AA /* Utilities */ = {
			isa = PBXGroup;
			children = (
				45100BAD2051DE2A0000B254 /* PlatformUtils.swift */,
				45100BB1205211630000B254 /* TokenUtils.swift */,
				45100BB32052119A0000B254 /* TwilioSettings.swift */,
				454CC7071E568F640087FAAD /* UserManager.swift */,
				4530A90E1F05B7A80039D303 /* FirebaseManager.swift */,
				4530A9101F05B7F20039D303 /* Result.swift */,
				4530A9151F05C59D0039D303 /* THError.swift */,
				45407F5B20571AB0008B05B3 /* CallManager.swift */,
				45993F312058D7DB002276E9 /* Explodable.swift */,
			);
			path = Utilities;
			sourceTree = "<group>";
		};
		4500C78E1E527ADA00AF54AA /* Home */ = {
			isa = PBXGroup;
			children = (
				454CD1BB206D77E3006235C8 /* Featured */,
				457A9ABC1F57C056004FC8D1 /* Search */,
				4500C78F1E527AFF00AF54AA /* HomeTableViewController.swift */,
				4500C7901E527AFF00AF54AA /* HomeTableViewController.xib */,
			);
			path = Home;
			sourceTree = "<group>";
		};
		4500C7931E52868F00AF54AA /* Call */ = {
			isa = PBXGroup;
			children = (
				4500C7941E5286E000AF54AA /* CallViewController.swift */,
				4500C7951E5286E000AF54AA /* CallViewController.xib */,
			);
			path = Call;
			sourceTree = "<group>";
		};
		450AB134206DBED400BCDBA3 /* Feature */ = {
			isa = PBXGroup;
			children = (
				450AB135206DBEEC00BCDBA3 /* FeatureViewController.swift */,
				450AB136206DBEEC00BCDBA3 /* FeatureViewController.xib */,
			);
			path = Feature;
			sourceTree = "<group>";
		};
		4530A9021F033DB00039D303 /* Login */ = {
			isa = PBXGroup;
			children = (
				4530A9031F033DDD0039D303 /* LoginViewController.swift */,
				4530A9041F033DDD0039D303 /* LoginViewController.xib */,
			);
			path = Login;
			sourceTree = "<group>";
		};
		4530A9091F0451DD0039D303 /* Signup */ = {
			isa = PBXGroup;
			children = (
				4530A90A1F0451FE0039D303 /* SignupViewController.swift */,
				4530A90B1F0451FE0039D303 /* SignupViewController.xib */,
			);
			path = Signup;
			sourceTree = "<group>";
		};
		4530A9121F05B9E80039D303 /* Models */ = {
			isa = PBXGroup;
			children = (
				4530A9131F05BA3D0039D303 /* User.swift */,
				450AB132206D8ADF00BCDBA3 /* FeaturedUser.swift */,
				45407F5D20575A47008B05B3 /* Call.swift */,
			);
			path = Models;
			sourceTree = "<group>";
		};
		454CD1BB206D77E3006235C8 /* Featured */ = {
			isa = PBXGroup;
			children = (
				454CD1BC206D77FA006235C8 /* FeaturedTableViewCell.swift */,
				454CD1BD206D77FA006235C8 /* FeaturedTableViewCell.xib */,
			);
			path = Featured;
			sourceTree = "<group>";
		};
		457A9ABC1F57C056004FC8D1 /* Search */ = {
			isa = PBXGroup;
			children = (
				457A9ABD1F57C09F004FC8D1 /* SearchResultTableViewCell.swift */,
				457A9ABE1F57C09F004FC8D1 /* SearchResultTableViewCell.xib */,
			);
			path = Search;
			sourceTree = "<group>";
		};
		45FC90062087C83500FC9422 /* Settings */ = {
			isa = PBXGroup;
			children = (
				45FC90072087C84300FC9422 /* SettingsViewController.swift */,
				45FC90082087C84300FC9422 /* SettingsViewController.xib */,
			);
			path = Settings;
			sourceTree = "<group>";
		};
		5F79CDBE4E61312569B51CAB /* Frameworks */ = {
			isa = PBXGroup;
			children = (
				45635E401EC0089B0011096C /* PushKit.framework */,
				3152D64C737D790F67B24341 /* Pods_Thirty.framework */,
			);
			name = Frameworks;
			sourceTree = "<group>";
		};
/* End PBXGroup section */

/* Begin PBXNativeTarget section */
		4500C75A1E4BDD5A00AF54AA /* Thirty */ = {
			isa = PBXNativeTarget;
			buildConfigurationList = 4500C76D1E4BDD5A00AF54AA /* Build configuration list for PBXNativeTarget "Thirty" */;
			buildPhases = (
				A50465C6CE3B8097A15603D9 /* [CP] Check Pods Manifest.lock */,
				4500C7571E4BDD5A00AF54AA /* Sources */,
				4500C7581E4BDD5A00AF54AA /* Frameworks */,
				4500C7591E4BDD5A00AF54AA /* Resources */,
				565854783B5CEE47AB6346E4 /* [CP] Embed Pods Frameworks */,
				50444A70B51F0B39F367D8BD /* [CP] Copy Pods Resources */,
			);
			buildRules = (
			);
			dependencies = (
			);
			name = Thirty;
			productName = Thirty;
			productReference = 4500C75B1E4BDD5A00AF54AA /* Thirty.app */;
			productType = "com.apple.product-type.application";
		};
/* End PBXNativeTarget section */

/* Begin PBXProject section */
		4500C7531E4BDD5900AF54AA /* Project object */ = {
			isa = PBXProject;
			attributes = {
				LastSwiftUpdateCheck = 0820;
				LastUpgradeCheck = 0930;
				ORGANIZATIONNAME = Thirty;
				TargetAttributes = {
					4500C75A1E4BDD5A00AF54AA = {
						CreatedOnToolsVersion = 8.2.1;
						DevelopmentTeam = 98E8SVTQ29;
						LastSwiftMigration = 0910;
						ProvisioningStyle = Manual;
						SystemCapabilities = {
							com.apple.BackgroundModes = {
								enabled = 1;
							};
							com.apple.Push = {
								enabled = 1;
							};
						};
					};
				};
			};
			buildConfigurationList = 4500C7561E4BDD5900AF54AA /* Build configuration list for PBXProject "Thirty" */;
			compatibilityVersion = "Xcode 3.2";
			developmentRegion = English;
			hasScannedForEncodings = 0;
			knownRegions = (
				en,
				Base,
			);
			mainGroup = 4500C7521E4BDD5900AF54AA;
			productRefGroup = 4500C75C1E4BDD5A00AF54AA /* Products */;
			projectDirPath = "";
			projectRoot = "";
			targets = (
				4500C75A1E4BDD5A00AF54AA /* Thirty */,
			);
		};
/* End PBXProject section */

/* Begin PBXResourcesBuildPhase section */
		4500C7591E4BDD5A00AF54AA /* Resources */ = {
			isa = PBXResourcesBuildPhase;
			buildActionMask = 2147483647;
			files = (
				4530A9011F0331500039D303 /* leaguespartan-bold.ttf in Resources */,
				45FC900A2087C84300FC9422 /* SettingsViewController.xib in Resources */,
				455BDE7920621FD9009CA00A /* answeredChime.wav in Resources */,
				4500C7881E4E92C200AF54AA /* WelcomeViewController.xib in Resources */,
				4530A9061F033DDD0039D303 /* LoginViewController.xib in Resources */,
				45DB90DC205E292000591EC8 /* ringtone.mp3 in Resources */,
				457A9AC01F57C09F004FC8D1 /* SearchResultTableViewCell.xib in Resources */,
				4542AAA2206E9800002A7FAD /* chill-ringback-quiet.m4a in Resources */,
				4530A9081F044CDC0039D303 /* GoogleService-Info.plist in Resources */,
				4500C7691E4BDD5A00AF54AA /* LaunchScreen.storyboard in Resources */,
				4530A90D1F0451FE0039D303 /* SignupViewController.xib in Resources */,
				454CC70D1E57D4F60087FAAD /* Localizable.strings in Resources */,
				4500C7661E4BDD5A00AF54AA /* Assets.xcassets in Resources */,
				450AB138206DBEEC00BCDBA3 /* FeatureViewController.xib in Resources */,
				4500C7971E5286E000AF54AA /* CallViewController.xib in Resources */,
				454CD1BF206D77FA006235C8 /* FeaturedTableViewCell.xib in Resources */,
				4500C7641E4BDD5A00AF54AA /* Main.storyboard in Resources */,
				4500C7921E527AFF00AF54AA /* HomeTableViewController.xib in Resources */,
			);
			runOnlyForDeploymentPostprocessing = 0;
		};
/* End PBXResourcesBuildPhase section */

/* Begin PBXShellScriptBuildPhase section */
		50444A70B51F0B39F367D8BD /* [CP] Copy Pods Resources */ = {
			isa = PBXShellScriptBuildPhase;
			buildActionMask = 2147483647;
			files = (
			);
			inputPaths = (
			);
			name = "[CP] Copy Pods Resources";
			outputPaths = (
			);
			runOnlyForDeploymentPostprocessing = 0;
			shellPath = /bin/sh;
			shellScript = "\"${SRCROOT}/Pods/Target Support Files/Pods-Thirty/Pods-Thirty-resources.sh\"\n";
			showEnvVarsInLog = 0;
		};
		565854783B5CEE47AB6346E4 /* [CP] Embed Pods Frameworks */ = {
			isa = PBXShellScriptBuildPhase;
			buildActionMask = 2147483647;
			files = (
			);
			inputPaths = (
				"${SRCROOT}/Pods/Target Support Files/Pods-Thirty/Pods-Thirty-frameworks.sh",
				"${BUILT_PRODUCTS_DIR}/Alamofire/Alamofire.framework",
				"${BUILT_PRODUCTS_DIR}/GTMSessionFetcher/GTMSessionFetcher.framework",
				"${BUILT_PRODUCTS_DIR}/GoogleToolboxForMac/GoogleToolboxForMac.framework",
				"${BUILT_PRODUCTS_DIR}/IQKeyboardManagerSwift/IQKeyboardManagerSwift.framework",
				"${BUILT_PRODUCTS_DIR}/JHSpinner/JHSpinner.framework",
				"${BUILT_PRODUCTS_DIR}/SCLAlertView/SCLAlertView.framework",
				"${PODS_ROOT}/TwilioVideo/Build/iOS/TwilioVideo.framework",
				"${BUILT_PRODUCTS_DIR}/leveldb-library/leveldb.framework",
				"${BUILT_PRODUCTS_DIR}/nanopb/nanopb.framework",
			);
			name = "[CP] Embed Pods Frameworks";
			outputPaths = (
				"${TARGET_BUILD_DIR}/${FRAMEWORKS_FOLDER_PATH}/Alamofire.framework",
				"${TARGET_BUILD_DIR}/${FRAMEWORKS_FOLDER_PATH}/GTMSessionFetcher.framework",
				"${TARGET_BUILD_DIR}/${FRAMEWORKS_FOLDER_PATH}/GoogleToolboxForMac.framework",
				"${TARGET_BUILD_DIR}/${FRAMEWORKS_FOLDER_PATH}/IQKeyboardManagerSwift.framework",
				"${TARGET_BUILD_DIR}/${FRAMEWORKS_FOLDER_PATH}/JHSpinner.framework",
				"${TARGET_BUILD_DIR}/${FRAMEWORKS_FOLDER_PATH}/SCLAlertView.framework",
				"${TARGET_BUILD_DIR}/${FRAMEWORKS_FOLDER_PATH}/TwilioVideo.framework",
				"${TARGET_BUILD_DIR}/${FRAMEWORKS_FOLDER_PATH}/leveldb.framework",
				"${TARGET_BUILD_DIR}/${FRAMEWORKS_FOLDER_PATH}/nanopb.framework",
			);
			runOnlyForDeploymentPostprocessing = 0;
			shellPath = /bin/sh;
			shellScript = "\"${SRCROOT}/Pods/Target Support Files/Pods-Thirty/Pods-Thirty-frameworks.sh\"\n";
			showEnvVarsInLog = 0;
		};
		A50465C6CE3B8097A15603D9 /* [CP] Check Pods Manifest.lock */ = {
			isa = PBXShellScriptBuildPhase;
			buildActionMask = 2147483647;
			files = (
			);
			inputPaths = (
				"${PODS_PODFILE_DIR_PATH}/Podfile.lock",
				"${PODS_ROOT}/Manifest.lock",
			);
			name = "[CP] Check Pods Manifest.lock";
			outputPaths = (
				"$(DERIVED_FILE_DIR)/Pods-Thirty-checkManifestLockResult.txt",
			);
			runOnlyForDeploymentPostprocessing = 0;
			shellPath = /bin/sh;
			shellScript = "diff \"${PODS_PODFILE_DIR_PATH}/Podfile.lock\" \"${PODS_ROOT}/Manifest.lock\" > /dev/null\nif [ $? != 0 ] ; then\n    # print error to STDERR\n    echo \"error: The sandbox is not in sync with the Podfile.lock. Run 'pod install' or update your CocoaPods installation.\" >&2\n    exit 1\nfi\n# This output is used by Xcode 'outputs' to avoid re-running this script phase.\necho \"SUCCESS\" > \"${SCRIPT_OUTPUT_FILE_0}\"\n";
			showEnvVarsInLog = 0;
		};
/* End PBXShellScriptBuildPhase section */

/* Begin PBXSourcesBuildPhase section */
		4500C7571E4BDD5A00AF54AA /* Sources */ = {
			isa = PBXSourcesBuildPhase;
			buildActionMask = 2147483647;
			files = (
				45100BB42052119A0000B254 /* TwilioSettings.swift in Sources */,
				450AB137206DBEEC00BCDBA3 /* FeatureViewController.swift in Sources */,
				45100BAE2051DE2A0000B254 /* PlatformUtils.swift in Sources */,
				450AB13C206DDDD500BCDBA3 /* UIImage+Thirty.swift in Sources */,
				4530A90F1F05B7A80039D303 /* FirebaseManager.swift in Sources */,
				4500C7961E5286E000AF54AA /* CallViewController.swift in Sources */,
				4500C7831E4E926500AF54AA /* UIColor+Thirty.swift in Sources */,
				45407F5E20575A47008B05B3 /* Call.swift in Sources */,
				45100BB2205211630000B254 /* TokenUtils.swift in Sources */,
				450AB133206D8ADF00BCDBA3 /* FeaturedUser.swift in Sources */,
				4500C78D1E5278AB00AF54AA /* UIAlertController+Thirty.swift in Sources */,
				4530A9111F05B7F20039D303 /* Result.swift in Sources */,
				4500C7801E4E8F2500AF54AA /* RootViewController.swift in Sources */,
				4530A9181F05CF9E0039D303 /* JHSpinnerView+Thirty.swift in Sources */,
				4500C7911E527AFF00AF54AA /* HomeTableViewController.swift in Sources */,
				459E61F12058BF00004C385A /* UIView+Thirty.swift in Sources */,
				457A9ABF1F57C09F004FC8D1 /* SearchResultTableViewCell.swift in Sources */,
				45407F5C20571AB0008B05B3 /* CallManager.swift in Sources */,
				4500C7871E4E92C200AF54AA /* WelcomeViewController.swift in Sources */,
				4530A9141F05BA3D0039D303 /* User.swift in Sources */,
				454CD1BE206D77FA006235C8 /* FeaturedTableViewCell.swift in Sources */,
				4530A90C1F0451FE0039D303 /* SignupViewController.swift in Sources */,
				45FC90092087C84300FC9422 /* SettingsViewController.swift in Sources */,
				4500C75F1E4BDD5A00AF54AA /* AppDelegate.swift in Sources */,
				45993F322058D7DB002276E9 /* Explodable.swift in Sources */,
				454CC7081E568F640087FAAD /* UserManager.swift in Sources */,
				4530A9161F05C59D0039D303 /* THError.swift in Sources */,
				450AB12D206D7E8A00BCDBA3 /* Error+Thirty.swift in Sources */,
				4530A9051F033DDD0039D303 /* LoginViewController.swift in Sources */,
			);
			runOnlyForDeploymentPostprocessing = 0;
		};
/* End PBXSourcesBuildPhase section */

/* Begin PBXVariantGroup section */
		4500C7621E4BDD5A00AF54AA /* Main.storyboard */ = {
			isa = PBXVariantGroup;
			children = (
				4500C7631E4BDD5A00AF54AA /* Base */,
			);
			name = Main.storyboard;
			path = ..;
			sourceTree = "<group>";
		};
		4500C7671E4BDD5A00AF54AA /* LaunchScreen.storyboard */ = {
			isa = PBXVariantGroup;
			children = (
				4500C7681E4BDD5A00AF54AA /* Base */,
			);
			name = LaunchScreen.storyboard;
			path = ..;
			sourceTree = "<group>";
		};
		454CC70F1E57D4F60087FAAD /* Localizable.strings */ = {
			isa = PBXVariantGroup;
			children = (
				454CC70E1E57D4F60087FAAD /* en */,
			);
			name = Localizable.strings;
			sourceTree = "<group>";
		};
/* End PBXVariantGroup section */

/* Begin XCBuildConfiguration section */
		4500C76B1E4BDD5A00AF54AA /* Debug */ = {
			isa = XCBuildConfiguration;
			buildSettings = {
				ALWAYS_SEARCH_USER_PATHS = NO;
				CLANG_ANALYZER_NONNULL = YES;
				CLANG_CXX_LANGUAGE_STANDARD = "gnu++0x";
				CLANG_CXX_LIBRARY = "libc++";
				CLANG_ENABLE_MODULES = YES;
				CLANG_ENABLE_OBJC_ARC = YES;
				CLANG_WARN_BLOCK_CAPTURE_AUTORELEASING = YES;
				CLANG_WARN_BOOL_CONVERSION = YES;
				CLANG_WARN_COMMA = YES;
				CLANG_WARN_CONSTANT_CONVERSION = YES;
				CLANG_WARN_DEPRECATED_OBJC_IMPLEMENTATIONS = YES;
				CLANG_WARN_DIRECT_OBJC_ISA_USAGE = YES_ERROR;
				CLANG_WARN_DOCUMENTATION_COMMENTS = YES;
				CLANG_WARN_EMPTY_BODY = YES;
				CLANG_WARN_ENUM_CONVERSION = YES;
				CLANG_WARN_INFINITE_RECURSION = YES;
				CLANG_WARN_INT_CONVERSION = YES;
				CLANG_WARN_NON_LITERAL_NULL_CONVERSION = YES;
				CLANG_WARN_OBJC_IMPLICIT_RETAIN_SELF = YES;
				CLANG_WARN_OBJC_LITERAL_CONVERSION = YES;
				CLANG_WARN_OBJC_ROOT_CLASS = YES_ERROR;
				CLANG_WARN_RANGE_LOOP_ANALYSIS = YES;
				CLANG_WARN_STRICT_PROTOTYPES = YES;
				CLANG_WARN_SUSPICIOUS_MOVE = YES;
				CLANG_WARN_UNREACHABLE_CODE = YES;
				CLANG_WARN__DUPLICATE_METHOD_MATCH = YES;
				"CODE_SIGN_IDENTITY[sdk=iphoneos*]" = "iPhone Developer";
				COPY_PHASE_STRIP = NO;
				DEBUG_INFORMATION_FORMAT = dwarf;
				ENABLE_STRICT_OBJC_MSGSEND = YES;
				ENABLE_TESTABILITY = YES;
				GCC_C_LANGUAGE_STANDARD = gnu99;
				GCC_DYNAMIC_NO_PIC = NO;
				GCC_NO_COMMON_BLOCKS = YES;
				GCC_OPTIMIZATION_LEVEL = 0;
				GCC_PREPROCESSOR_DEFINITIONS = (
					"DEBUG=1",
					"$(inherited)",
				);
				GCC_WARN_64_TO_32_BIT_CONVERSION = YES;
				GCC_WARN_ABOUT_RETURN_TYPE = YES_ERROR;
				GCC_WARN_UNDECLARED_SELECTOR = YES;
				GCC_WARN_UNINITIALIZED_AUTOS = YES_AGGRESSIVE;
				GCC_WARN_UNUSED_FUNCTION = YES;
				GCC_WARN_UNUSED_VARIABLE = YES;
				IPHONEOS_DEPLOYMENT_TARGET = 10.2;
				MTL_ENABLE_DEBUG_INFO = YES;
				ONLY_ACTIVE_ARCH = YES;
				SDKROOT = iphoneos;
				SWIFT_ACTIVE_COMPILATION_CONDITIONS = DEBUG;
				SWIFT_OPTIMIZATION_LEVEL = "-Onone";
			};
			name = Debug;
		};
		4500C76C1E4BDD5A00AF54AA /* Release */ = {
			isa = XCBuildConfiguration;
			buildSettings = {
				ALWAYS_SEARCH_USER_PATHS = NO;
				CLANG_ANALYZER_NONNULL = YES;
				CLANG_CXX_LANGUAGE_STANDARD = "gnu++0x";
				CLANG_CXX_LIBRARY = "libc++";
				CLANG_ENABLE_MODULES = YES;
				CLANG_ENABLE_OBJC_ARC = YES;
				CLANG_WARN_BLOCK_CAPTURE_AUTORELEASING = YES;
				CLANG_WARN_BOOL_CONVERSION = YES;
				CLANG_WARN_COMMA = YES;
				CLANG_WARN_CONSTANT_CONVERSION = YES;
				CLANG_WARN_DEPRECATED_OBJC_IMPLEMENTATIONS = YES;
				CLANG_WARN_DIRECT_OBJC_ISA_USAGE = YES_ERROR;
				CLANG_WARN_DOCUMENTATION_COMMENTS = YES;
				CLANG_WARN_EMPTY_BODY = YES;
				CLANG_WARN_ENUM_CONVERSION = YES;
				CLANG_WARN_INFINITE_RECURSION = YES;
				CLANG_WARN_INT_CONVERSION = YES;
				CLANG_WARN_NON_LITERAL_NULL_CONVERSION = YES;
				CLANG_WARN_OBJC_IMPLICIT_RETAIN_SELF = YES;
				CLANG_WARN_OBJC_LITERAL_CONVERSION = YES;
				CLANG_WARN_OBJC_ROOT_CLASS = YES_ERROR;
				CLANG_WARN_RANGE_LOOP_ANALYSIS = YES;
				CLANG_WARN_STRICT_PROTOTYPES = YES;
				CLANG_WARN_SUSPICIOUS_MOVE = YES;
				CLANG_WARN_UNREACHABLE_CODE = YES;
				CLANG_WARN__DUPLICATE_METHOD_MATCH = YES;
				"CODE_SIGN_IDENTITY[sdk=iphoneos*]" = "iPhone Developer";
				COPY_PHASE_STRIP = NO;
				DEBUG_INFORMATION_FORMAT = "dwarf-with-dsym";
				ENABLE_NS_ASSERTIONS = NO;
				ENABLE_STRICT_OBJC_MSGSEND = YES;
				GCC_C_LANGUAGE_STANDARD = gnu99;
				GCC_NO_COMMON_BLOCKS = YES;
				GCC_WARN_64_TO_32_BIT_CONVERSION = YES;
				GCC_WARN_ABOUT_RETURN_TYPE = YES_ERROR;
				GCC_WARN_UNDECLARED_SELECTOR = YES;
				GCC_WARN_UNINITIALIZED_AUTOS = YES_AGGRESSIVE;
				GCC_WARN_UNUSED_FUNCTION = YES;
				GCC_WARN_UNUSED_VARIABLE = YES;
				IPHONEOS_DEPLOYMENT_TARGET = 10.2;
				MTL_ENABLE_DEBUG_INFO = NO;
				SDKROOT = iphoneos;
				SWIFT_OPTIMIZATION_LEVEL = "-Owholemodule";
				VALIDATE_PRODUCT = YES;
			};
			name = Release;
		};
		4500C76E1E4BDD5A00AF54AA /* Debug */ = {
			isa = XCBuildConfiguration;
			baseConfigurationReference = 0BF6DBD12F2BE24D548E55AF /* Pods-Thirty.debug.xcconfig */;
			buildSettings = {
				ASSETCATALOG_COMPILER_APPICON_NAME = AppIcon;
				CLANG_ENABLE_MODULES = YES;
				CODE_SIGN_ENTITLEMENTS = Thirty/Thirty.entitlements;
				"CODE_SIGN_IDENTITY[sdk=iphoneos*]" = "iPhone Developer";
				CODE_SIGN_STYLE = Manual;
				DEVELOPMENT_TEAM = 98E8SVTQ29;
				INFOPLIST_FILE = Thirty/Info.plist;
				IPHONEOS_DEPLOYMENT_TARGET = 10.0;
				LD_RUNPATH_SEARCH_PATHS = "$(inherited) @executable_path/Frameworks";
				PRODUCT_BUNDLE_IDENTIFIER = com.thirty.Thirty;
				PRODUCT_NAME = "$(TARGET_NAME)";
				PROVISIONING_PROFILE = "d80ecb92-28e6-4b84-aff6-93b5574a6177";
				PROVISIONING_PROFILE_SPECIFIER = "Thirty Dev Prov";
				SWIFT_OBJC_BRIDGING_HEADER = "Thirty/Thirty-Bridging-Header.h";
				SWIFT_OPTIMIZATION_LEVEL = "-Onone";
				SWIFT_SWIFT3_OBJC_INFERENCE = Default;
				SWIFT_VERSION = 4.0;
			};
			name = Debug;
		};
		4500C76F1E4BDD5A00AF54AA /* Release */ = {
			isa = XCBuildConfiguration;
			baseConfigurationReference = 5B482AA5894AC0DB0293AD4F /* Pods-Thirty.release.xcconfig */;
			buildSettings = {
				ASSETCATALOG_COMPILER_APPICON_NAME = AppIcon;
				CLANG_ENABLE_MODULES = YES;
				CODE_SIGN_ENTITLEMENTS = Thirty/Thirty.entitlements;
				"CODE_SIGN_IDENTITY[sdk=iphoneos*]" = "iPhone Distribution";
				CODE_SIGN_STYLE = Manual;
				DEVELOPMENT_TEAM = 98E8SVTQ29;
				INFOPLIST_FILE = Thirty/Info.plist;
				IPHONEOS_DEPLOYMENT_TARGET = 10.0;
				LD_RUNPATH_SEARCH_PATHS = "$(inherited) @executable_path/Frameworks";
				PRODUCT_BUNDLE_IDENTIFIER = com.thirty.Thirty;
				PRODUCT_NAME = "$(TARGET_NAME)";
				PROVISIONING_PROFILE = "ccda3f09-bbd3-4697-9d54-6b82798bc65a";
				PROVISIONING_PROFILE_SPECIFIER = "Thirty Ad Hoc Prov";
				SWIFT_OBJC_BRIDGING_HEADER = "Thirty/Thirty-Bridging-Header.h";
				SWIFT_SWIFT3_OBJC_INFERENCE = Default;
				SWIFT_VERSION = 4.0;
			};
			name = Release;
		};
/* End XCBuildConfiguration section */

/* Begin XCConfigurationList section */
		4500C7561E4BDD5900AF54AA /* Build configuration list for PBXProject "Thirty" */ = {
			isa = XCConfigurationList;
			buildConfigurations = (
				4500C76B1E4BDD5A00AF54AA /* Debug */,
				4500C76C1E4BDD5A00AF54AA /* Release */,
			);
			defaultConfigurationIsVisible = 0;
			defaultConfigurationName = Release;
		};
		4500C76D1E4BDD5A00AF54AA /* Build configuration list for PBXNativeTarget "Thirty" */ = {
			isa = XCConfigurationList;
			buildConfigurations = (
				4500C76E1E4BDD5A00AF54AA /* Debug */,
				4500C76F1E4BDD5A00AF54AA /* Release */,
			);
			defaultConfigurationIsVisible = 0;
			defaultConfigurationName = Release;
		};
/* End XCConfigurationList section */
	};
	rootObject = 4500C7531E4BDD5900AF54AA /* Project object */;
}
